
Microsoft Visual Studio Solution File, Format Version 12.00
# Visual Studio Version 17
VisualStudioVersion = 17.14.35806.103 d17.14
MinimumVisualStudioVersion = 10.0.40219.1
Project("{FAE04EC0-301F-11D3-BF4B-00C04F79EFBC}") = "tpmodul4_103022300034", "tpmodul4_103022300034\tpmodul4_103022300034.csproj", "{5C4BBC90-12EE-4A8A-9E2B-FB328FD6452E}"
EndProject
Global
	GlobalSection(SolutionConfigurationPlatforms) = preSolution
		Debug|Any CPU = Debug|Any CPU
		Release|Any CPU = Release|Any CPU
	EndGlobalSection
	GlobalSection(ProjectConfigurationPlatforms) = postSolution
		{5C4BBC90-12EE-4A8A-9E2B-FB328FD6452E}.Debug|Any CPU.ActiveCfg = Debug|Any CPU
		{5C4BBC90-12EE-4A8A-9E2B-FB328FD6452E}.Debug|Any CPU.Build.0 = Debug|Any CPU
		{5C4BBC90-12EE-4A8A-9E2B-FB328FD6452E}.Release|Any CPU.ActiveCfg = Release|Any CPU
		{5C4BBC90-12EE-4A8A-9E2B-FB328FD6452E}.Release|Any CPU.Build.0 = Release|Any CPU
	EndGlobalSection
	GlobalSection(SolutionProperties) = preSolution
		HideSolutionNode = FALSE
	EndGlobalSection
	GlobalSection(ExtensibilityGlobals) = postSolution
		SolutionGuid = {6B6829FA-E1AA-440D-96FF-BB17C70950DA}
	EndGlobalSection
EndGlobal
